
Microsoft Visual Studio Solution File, Format Version 12.00
# Visual Studio Version 16
VisualStudioVersion = 16.0.30002.166
MinimumVisualStudioVersion = 10.0.40219.1
Project("{9A19103F-16F7-4668-BE54-9A1E7A4F7556}") = "Figure", "Figure\Figure.csproj", "{113784E9-B77B-40A6-AC77-BA2D13D10DDB}"
EndProject
Project("{9A19103F-16F7-4668-BE54-9A1E7A4F7556}") = "Figure.UnitTests", "Figure.Tests\Figure.UnitTests.csproj", "{66D262D0-AB0D-4690-BEEC-E19F42609832}"
EndProject
Global
	GlobalSection(SolutionConfigurationPlatforms) = preSolution
		Debug|Any CPU = Debug|Any CPU
		Release|Any CPU = Release|Any CPU
	EndGlobalSection
	GlobalSection(ProjectConfigurationPlatforms) = postSolution
		{113784E9-B77B-40A6-AC77-BA2D13D10DDB}.Debug|Any CPU.ActiveCfg = Debug|Any CPU
		{113784E9-B77B-40A6-AC77-BA2D13D10DDB}.Debug|Any CPU.Build.0 = Debug|Any CPU
		{113784E9-B77B-40A6-AC77-BA2D13D10DDB}.Release|Any CPU.ActiveCfg = Release|Any CPU
		{113784E9-B77B-40A6-AC77-BA2D13D10DDB}.Release|Any CPU.Build.0 = Release|Any CPU
		{66D262D0-AB0D-4690-BEEC-E19F42609832}.Debug|Any CPU.ActiveCfg = Debug|Any CPU
		{66D262D0-AB0D-4690-BEEC-E19F42609832}.Debug|Any CPU.Build.0 = Debug|Any CPU
		{66D262D0-AB0D-4690-BEEC-E19F42609832}.Release|Any CPU.ActiveCfg = Release|Any CPU
		{66D262D0-AB0D-4690-BEEC-E19F42609832}.Release|Any CPU.Build.0 = Release|Any CPU
	EndGlobalSection
	GlobalSection(SolutionProperties) = preSolution
		HideSolutionNode = FALSE
	EndGlobalSection
	GlobalSection(ExtensibilityGlobals) = postSolution
		SolutionGuid = {91EB6D08-7178-4E32-818F-F548E2E1B3FB}
	EndGlobalSection
EndGlobal
